
Microsoft Visual Studio Solution File, Format Version 12.00
# TcXaeShell Solution File, Format Version 11.00
VisualStudioVersion = 17.7.34302.85
MinimumVisualStudioVersion = 10.0.40219.1
Project("{B1E792BE-AA5F-4E3C-8C82-674BF9C0715B}") = "lcls-motion", "lcls-motion.tsproj", "{61907616-FB73-4229-B6ED-B8F1E64CE806}"
EndProject
Global
	GlobalSection(SolutionConfigurationPlatforms) = preSolution
		Debug|TwinCAT OS (ARMV7-A) = Debug|TwinCAT OS (ARMV7-A)
		Debug|TwinCAT OS (ARMV7-M) = Debug|TwinCAT OS (ARMV7-M)
		Debug|TwinCAT OS (ARMV8-A) = Debug|TwinCAT OS (ARMV8-A)
		Debug|TwinCAT OS (x64) = Debug|TwinCAT OS (x64)
		Debug|TwinCAT RT (x64) = Debug|TwinCAT RT (x64)
		Debug|TwinCAT RT (x86) = Debug|TwinCAT RT (x86)
		Release|TwinCAT OS (ARMV7-A) = Release|TwinCAT OS (ARMV7-A)
		Release|TwinCAT OS (ARMV7-M) = Release|TwinCAT OS (ARMV7-M)
		Release|TwinCAT OS (ARMV8-A) = Release|TwinCAT OS (ARMV8-A)
		Release|TwinCAT OS (x64) = Release|TwinCAT OS (x64)
		Release|TwinCAT RT (x64) = Release|TwinCAT RT (x64)
		Release|TwinCAT RT (x86) = Release|TwinCAT RT (x86)
	EndGlobalSection
	GlobalSection(ProjectConfigurationPlatforms) = postSolution
		{61907616-FB73-4229-B6ED-B8F1E64CE806}.Debug|TwinCAT OS (ARMV7-A).ActiveCfg = Debug|TwinCAT OS (ARMT2)
		{61907616-FB73-4229-B6ED-B8F1E64CE806}.Debug|TwinCAT OS (ARMV7-M).ActiveCfg = Debug|TwinCAT OS (ARMT2)
		{61907616-FB73-4229-B6ED-B8F1E64CE806}.Debug|TwinCAT OS (ARMV8-A).ActiveCfg = Debug|TwinCAT OS (ARMT2)
		{61907616-FB73-4229-B6ED-B8F1E64CE806}.Debug|TwinCAT OS (x64).ActiveCfg = Debug|TwinCAT OS (x64)
		{61907616-FB73-4229-B6ED-B8F1E64CE806}.Debug|TwinCAT OS (x64).Build.0 = Debug|TwinCAT OS (x64)
		{61907616-FB73-4229-B6ED-B8F1E64CE806}.Debug|TwinCAT RT (x64).ActiveCfg = Debug|TwinCAT RT (x64)
		{61907616-FB73-4229-B6ED-B8F1E64CE806}.Debug|TwinCAT RT (x64).Build.0 = Debug|TwinCAT RT (x64)
		{61907616-FB73-4229-B6ED-B8F1E64CE806}.Debug|TwinCAT RT (x86).ActiveCfg = Debug|TwinCAT RT (x86)
		{61907616-FB73-4229-B6ED-B8F1E64CE806}.Debug|TwinCAT RT (x86).Build.0 = Debug|TwinCAT RT (x86)
		{61907616-FB73-4229-B6ED-B8F1E64CE806}.Release|TwinCAT OS (ARMV7-A).ActiveCfg = Release|TwinCAT OS (ARMT2)
		{61907616-FB73-4229-B6ED-B8F1E64CE806}.Release|TwinCAT OS (ARMV7-M).ActiveCfg = Release|TwinCAT OS (ARMT2)
		{61907616-FB73-4229-B6ED-B8F1E64CE806}.Release|TwinCAT OS (ARMV8-A).ActiveCfg = Release|TwinCAT OS (ARMT2)
		{61907616-FB73-4229-B6ED-B8F1E64CE806}.Release|TwinCAT OS (x64).ActiveCfg = Release|TwinCAT OS (x64)
		{61907616-FB73-4229-B6ED-B8F1E64CE806}.Release|TwinCAT OS (x64).Build.0 = Release|TwinCAT OS (x64)
		{61907616-FB73-4229-B6ED-B8F1E64CE806}.Release|TwinCAT RT (x64).ActiveCfg = Release|TwinCAT RT (x64)
		{61907616-FB73-4229-B6ED-B8F1E64CE806}.Release|TwinCAT RT (x64).Build.0 = Release|TwinCAT RT (x64)
		{61907616-FB73-4229-B6ED-B8F1E64CE806}.Release|TwinCAT RT (x86).ActiveCfg = Release|TwinCAT RT (x86)
		{61907616-FB73-4229-B6ED-B8F1E64CE806}.Release|TwinCAT RT (x86).Build.0 = Release|TwinCAT RT (x86)
		{DA380EE4-C409-4A84-97B8-4D1FBAEE5CC8}.Debug|TwinCAT OS (ARMV7-A).ActiveCfg = Debug|TwinCAT OS (ARMT2)
		{DA380EE4-C409-4A84-97B8-4D1FBAEE5CC8}.Debug|TwinCAT OS (ARMV7-M).ActiveCfg = Debug|TwinCAT OS (ARMT2)
		{DA380EE4-C409-4A84-97B8-4D1FBAEE5CC8}.Debug|TwinCAT OS (ARMV8-A).ActiveCfg = Debug|TwinCAT OS (ARMT2)
		{DA380EE4-C409-4A84-97B8-4D1FBAEE5CC8}.Debug|TwinCAT OS (x64).ActiveCfg = Debug|TwinCAT OS (x64)
		{DA380EE4-C409-4A84-97B8-4D1FBAEE5CC8}.Debug|TwinCAT OS (x64).Build.0 = Debug|TwinCAT OS (x64)
		{DA380EE4-C409-4A84-97B8-4D1FBAEE5CC8}.Debug|TwinCAT RT (x64).ActiveCfg = Debug|TwinCAT RT (x64)
		{DA380EE4-C409-4A84-97B8-4D1FBAEE5CC8}.Debug|TwinCAT RT (x64).Build.0 = Debug|TwinCAT RT (x64)
		{DA380EE4-C409-4A84-97B8-4D1FBAEE5CC8}.Debug|TwinCAT RT (x86).ActiveCfg = Debug|TwinCAT RT (x86)
		{DA380EE4-C409-4A84-97B8-4D1FBAEE5CC8}.Debug|TwinCAT RT (x86).Build.0 = Debug|TwinCAT RT (x86)
		{DA380EE4-C409-4A84-97B8-4D1FBAEE5CC8}.Release|TwinCAT OS (ARMV7-A).ActiveCfg = Release|TwinCAT OS (ARMT2)
		{DA380EE4-C409-4A84-97B8-4D1FBAEE5CC8}.Release|TwinCAT OS (ARMV7-M).ActiveCfg = Release|TwinCAT OS (ARMT2)
		{DA380EE4-C409-4A84-97B8-4D1FBAEE5CC8}.Release|TwinCAT OS (ARMV8-A).ActiveCfg = Release|TwinCAT OS (ARMT2)
		{DA380EE4-C409-4A84-97B8-4D1FBAEE5CC8}.Release|TwinCAT OS (x64).ActiveCfg = Release|TwinCAT OS (x64)
		{DA380EE4-C409-4A84-97B8-4D1FBAEE5CC8}.Release|TwinCAT OS (x64).Build.0 = Release|TwinCAT OS (x64)
		{DA380EE4-C409-4A84-97B8-4D1FBAEE5CC8}.Release|TwinCAT RT (x64).ActiveCfg = Release|TwinCAT RT (x64)
		{DA380EE4-C409-4A84-97B8-4D1FBAEE5CC8}.Release|TwinCAT RT (x64).Build.0 = Release|TwinCAT RT (x64)
		{DA380EE4-C409-4A84-97B8-4D1FBAEE5CC8}.Release|TwinCAT RT (x86).ActiveCfg = Release|TwinCAT RT (x86)
		{DA380EE4-C409-4A84-97B8-4D1FBAEE5CC8}.Release|TwinCAT RT (x86).Build.0 = Release|TwinCAT RT (x86)
	EndGlobalSection
	GlobalSection(SolutionProperties) = preSolution
		HideSolutionNode = FALSE
	EndGlobalSection
	GlobalSection(ExtensibilityGlobals) = postSolution
		SolutionGuid = {721613A2-261E-4F9B-B96D-E27364E0E882}
	EndGlobalSection
EndGlobal
